
Microsoft Visual Studio Solution File, Format Version 12.00
# Visual Studio 16
Project("{FAE04EC0-301F-11D3-BF4B-00C04F79EFBC}") = "MainApp", "MainApp.csproj", "{E41F9FCA-64A6-AEFA-9892-708D9BFA2F2B}"
EndProject
Project("{FAE04EC0-301F-11D3-BF4B-00C04F79EFBC}") = "ThirdPartyLib", "ThirdPartyLib.csproj", "{BEC71963-95DB-A9EC-81BC-2CBEF0D71014}"
EndProject
Project("{FAE04EC0-301F-11D3-BF4B-00C04F79EFBC}") = "Tests", "Tests.csproj", "{9D96E734-1237-9E85-A8A9-302A27A3F471}"
EndProject
Global
	GlobalSection(SolutionConfigurationPlatforms) = preSolution
		Debug|Any CPU = Debug|Any CPU
		Release|Any CPU = Release|Any CPU
	EndGlobalSection
	GlobalSection(ProjectConfigurationPlatforms) = postSolution
		{E41F9FCA-64A6-AEFA-9892-708D9BFA2F2B}.Debug|Any CPU.ActiveCfg = Debug|Any CPU
		{E41F9FCA-64A6-AEFA-9892-708D9BFA2F2B}.Debug|Any CPU.Build.0 = Debug|Any CPU
		{E41F9FCA-64A6-AEFA-9892-708D9BFA2F2B}.Release|Any CPU.ActiveCfg = Release|Any CPU
		{E41F9FCA-64A6-AEFA-9892-708D9BFA2F2B}.Release|Any CPU.Build.0 = Release|Any CPU
		{BEC71963-95DB-A9EC-81BC-2CBEF0D71014}.Debug|Any CPU.ActiveCfg = Debug|Any CPU
		{BEC71963-95DB-A9EC-81BC-2CBEF0D71014}.Debug|Any CPU.Build.0 = Debug|Any CPU
		{BEC71963-95DB-A9EC-81BC-2CBEF0D71014}.Release|Any CPU.ActiveCfg = Release|Any CPU
		{BEC71963-95DB-A9EC-81BC-2CBEF0D71014}.Release|Any CPU.Build.0 = Release|Any CPU
		{9D96E734-1237-9E85-A8A9-302A27A3F471}.Debug|Any CPU.ActiveCfg = Debug|Any CPU
		{9D96E734-1237-9E85-A8A9-302A27A3F471}.Debug|Any CPU.Build.0 = Debug|Any CPU
		{9D96E734-1237-9E85-A8A9-302A27A3F471}.Release|Any CPU.ActiveCfg = Release|Any CPU
		{9D96E734-1237-9E85-A8A9-302A27A3F471}.Release|Any CPU.Build.0 = Release|Any CPU
	EndGlobalSection
	GlobalSection(SolutionProperties) = preSolution
		HideSolutionNode = FALSE
	EndGlobalSection
	GlobalSection(MonoDevelopProperties) = preSolution
		StartupItem = Assembly-CSharp.csproj
	EndGlobalSection
EndGlobal
