
Microsoft Visual Studio Solution File, Format Version 12.00
# Visual Studio 16
Project("{FAE04EC0-301F-11D3-BF4B-00C04F79EFBC}") = "Assembly-CSharp", "Assembly-CSharp.csproj", "{5BCDD16F-7B0E-77C4-CD2D-F0E294D064DF}"
EndProject
Project("{FAE04EC0-301F-11D3-BF4B-00C04F79EFBC}") = "Assembly-CSharp-firstpass", "Assembly-CSharp-firstpass.csproj", "{57307D99-2679-DE8C-89D4-BDBA7DDAEB63}"
EndProject
Project("{FAE04EC0-301F-11D3-BF4B-00C04F79EFBC}") = "Assembly-CSharp-Editor", "Assembly-CSharp-Editor.csproj", "{AE71A2C9-3D3F-C02D-9292-0A7DDFCDDED9}"
EndProject
Global
	GlobalSection(SolutionConfigurationPlatforms) = preSolution
		Debug|Any CPU = Debug|Any CPU
		Release|Any CPU = Release|Any CPU
	EndGlobalSection
	GlobalSection(ProjectConfigurationPlatforms) = postSolution
		{5BCDD16F-7B0E-77C4-CD2D-F0E294D064DF}.Debug|Any CPU.ActiveCfg = Debug|Any CPU
		{5BCDD16F-7B0E-77C4-CD2D-F0E294D064DF}.Debug|Any CPU.Build.0 = Debug|Any CPU
		{5BCDD16F-7B0E-77C4-CD2D-F0E294D064DF}.Release|Any CPU.ActiveCfg = Release|Any CPU
		{5BCDD16F-7B0E-77C4-CD2D-F0E294D064DF}.Release|Any CPU.Build.0 = Release|Any CPU
		{57307D99-2679-DE8C-89D4-BDBA7DDAEB63}.Debug|Any CPU.ActiveCfg = Debug|Any CPU
		{57307D99-2679-DE8C-89D4-BDBA7DDAEB63}.Debug|Any CPU.Build.0 = Debug|Any CPU
		{57307D99-2679-DE8C-89D4-BDBA7DDAEB63}.Release|Any CPU.ActiveCfg = Release|Any CPU
		{57307D99-2679-DE8C-89D4-BDBA7DDAEB63}.Release|Any CPU.Build.0 = Release|Any CPU
		{AE71A2C9-3D3F-C02D-9292-0A7DDFCDDED9}.Debug|Any CPU.ActiveCfg = Debug|Any CPU
		{AE71A2C9-3D3F-C02D-9292-0A7DDFCDDED9}.Debug|Any CPU.Build.0 = Debug|Any CPU
		{AE71A2C9-3D3F-C02D-9292-0A7DDFCDDED9}.Release|Any CPU.ActiveCfg = Release|Any CPU
		{AE71A2C9-3D3F-C02D-9292-0A7DDFCDDED9}.Release|Any CPU.Build.0 = Release|Any CPU
	EndGlobalSection
	GlobalSection(SolutionProperties) = preSolution
		HideSolutionNode = FALSE
	EndGlobalSection
	GlobalSection(MonoDevelopProperties) = preSolution
		StartupItem = Assembly-CSharp.csproj
	EndGlobalSection
EndGlobal
